
Microsoft Visual Studio Solution File, Format Version 12.00
# Visual Studio Version 17
VisualStudioVersion = 17.3.32922.545
MinimumVisualStudioVersion = 10.0.40219.1
Project("{FAE04EC0-301F-11D3-BF4B-00C04F79EFBC}") = "NZWalks.API", "NZWalks.API\NZWalks.API.csproj", "{5C673ACD-9D8C-4090-96B0-73BAD828971B}"
EndProject
Global
	GlobalSection(SolutionConfigurationPlatforms) = preSolution
		Debug|Any CPU = Debug|Any CPU
		Release|Any CPU = Release|Any CPU
	EndGlobalSection
	GlobalSection(ProjectConfigurationPlatforms) = postSolution
		{5C673ACD-9D8C-4090-96B0-73BAD828971B}.Debug|Any CPU.ActiveCfg = Debug|Any CPU
		{5C673ACD-9D8C-4090-96B0-73BAD828971B}.Debug|Any CPU.Build.0 = Debug|Any CPU
		{5C673ACD-9D8C-4090-96B0-73BAD828971B}.Release|Any CPU.ActiveCfg = Release|Any CPU
		{5C673ACD-9D8C-4090-96B0-73BAD828971B}.Release|Any CPU.Build.0 = Release|Any CPU
	EndGlobalSection
	GlobalSection(SolutionProperties) = preSolution
		HideSolutionNode = FALSE
	EndGlobalSection
	GlobalSection(ExtensibilityGlobals) = postSolution
		SolutionGuid = {3E1FE03B-3A7F-4249-8EC9-618139211808}
	EndGlobalSection
EndGlobal
